{
    "_meta": {
        "hash": {
            "sha256": "8b6fe2184302397127aaf2cb8a697d4ceefefabf43b944d6125705401a1de3a1"
        },
        "pipfile-spec": 6,
        "requires": {
            "python_version": "3.6"
        },
        "sources": [
            {
                "name": "pypi",
                "url": "https://pypi.org/simple",
                "verify_ssl": true
            }
        ]
    },
    "default": {
        "adafruit-blinka": {
            "hashes": [
                "sha256:b00da4722f1dda095f0ffe78ab3207b81cbb35c32096dfef640bfa7efab3dce7"
            ],
            "index": "pypi",
            "version": "==4.8.1"
        },
        "adafruit-circuitpython-busdevice": {
            "hashes": [
                "sha256:7eafaaad3bbcd6b31102632fc5c289dc1e208ee34301d0e44210e95664552657"
            ],
            "version": "==4.3.1"
        },
        "adafruit-circuitpython-ht16k33": {
            "hashes": [
                "sha256:1d10bb9c4a8be143cbe7e54afbbcc2a50ab66be852e24503039c396435d99b2d"
            ],
            "index": "pypi",
            "version": "==4.1.1"
        },
        "adafruit-platformdetect": {
            "hashes": [
                "sha256:aeb96874ca22eb6e6af5438a1fca560691b7aad709e0e925635920d81f3c5eb1"
            ],
            "version": "==2.10.0"
        },
        "adafruit-pureio": {
            "hashes": [
                "sha256:ebab172823f7249e02a644844a64e6dc2e4b3ded38ba42099068fd3e96623cfb"
            ],
            "version": "==1.1.5"
        },
        "hidapi": {
            "hashes": [
                "sha256:03b9118749f6102a96af175b2b77832c0d6f8957acb46ced5aa7afcf358052bc",
                "sha256:3b31b396b6e95b635db4db8e9649cdb0aa2c205dd4cd8aaf3ee9807dddb1ebb8",
                "sha256:448c2ba9f713a5ee754830b222c9bc54a4e0dca4ecd0d84e3bf14314949ec594",
                "sha256:4c712309e2534a249721feb2abe7baedb9bfe7b3cc0e06cf4b78329684480932",
                "sha256:9c4369499a322d91d9f697c6b84b78f78c42695743641cb8bf3b5fa8c3c9b09c",
                "sha256:a71dd3c153cb6bb2b73d2612b5ab262830d78c6428f33f0c06818749e64c9320",
                "sha256:d8dd636b7da9dfeb4aa08da64aceb91fb311465faae347b885cb8b695b141364",
                "sha256:da40dcf99ea15d440f3f3667f4166addd5676c485acf331c6e7c6c7879e11633",
                "sha256:dc633b34e318ce4638b73beb531136ab02ab005bfb383c260a41b5dfd5d85f16"
            ],
            "index": "pypi",
            "version": "==0.9.0.post2"
        },
        "pyftdi": {
            "hashes": [
                "sha256:02926258d5dfd28452a3d4d7c2f6d5bab722133b2885bde8b9e28bd2ccc095ca",
                "sha256:6cacb8fe28491ee6d00b8d45e18f73ea539b31bcd785f5d8c80a60322297c007"
            ],
            "version": "==0.51.2"
        },
        "pyserial": {
            "hashes": [
                "sha256:6e2d401fdee0eab996cf734e67773a0143b932772ca8b42451440cfed942c627",
                "sha256:e0770fadba80c31013896c7e6ef703f72e7834965954a78e71a3049488d4d7d8"
            ],
            "version": "==3.4"
        },
        "pyusb": {
            "hashes": [
                "sha256:4e9b72cc4a4205ca64fbf1f3fff39a335512166c151ad103e55c8223ac147362"
            ],
            "version": "==1.0.2"
        },
        "sysv-ipc": {
            "hashes": [
                "sha256:2b2b8491764845d06a9d5731ebe67f12fbe0c35967ac7f2bbe55ff24cb302405",
                "sha256:8eff10dd17789ddf21b422ce46ae0f6420088902a88e4296cb805cf2fde8b4dc",
                "sha256:a67fc5b7a3dd5fc9c50776de0c65a44eb776d29bb88364dedb1fb1149e53a1f1"
            ],
            "version": "==1.0.1"
        }
    },
    "develop": {}
}
